
Microsoft Visual Studio Solution File, Format Version 12.00
# Visual Studio Version 16
VisualStudioVersion = 16.0.29926.136
MinimumVisualStudioVersion = 10.0.40219.1
Project("{9A19103F-16F7-4668-BE54-9A1E7A4F7556}") = "Modèle", "Modèle\Modèle.csproj", "{8BD2C868-D9DB-4FB2-A259-1978F8C3542B}"
EndProject
Project("{9A19103F-16F7-4668-BE54-9A1E7A4F7556}") = "Test", "ConsoleLogicEvent\Test.csproj", "{1B38F233-5B28-42C2-B42A-EE86F21F3D63}"
EndProject
Project("{FAE04EC0-301F-11D3-BF4B-00C04F79EFBC}") = "LogicEvent", "LogicEvent\LogicEvent.csproj", "{B3DF7E58-77C8-4EEE-9C34-D5455812E41A}"
EndProject
Project("{FAE04EC0-301F-11D3-BF4B-00C04F79EFBC}") = "Persistance", "Persistance\Persistance.csproj", "{9EEA6C4C-FE89-451B-8B4B-E9C51838A141}"
EndProject
Project("{9A19103F-16F7-4668-BE54-9A1E7A4F7556}") = "Data", "Data\Data.csproj", "{4A714B26-3460-4F19-84DF-1ED1198C3050}"
EndProject
Global
	GlobalSection(SolutionConfigurationPlatforms) = preSolution
		Debug|Any CPU = Debug|Any CPU
		Release|Any CPU = Release|Any CPU
	EndGlobalSection
	GlobalSection(ProjectConfigurationPlatforms) = postSolution
		{8BD2C868-D9DB-4FB2-A259-1978F8C3542B}.Debug|Any CPU.ActiveCfg = Debug|Any CPU
		{8BD2C868-D9DB-4FB2-A259-1978F8C3542B}.Debug|Any CPU.Build.0 = Debug|Any CPU
		{8BD2C868-D9DB-4FB2-A259-1978F8C3542B}.Release|Any CPU.ActiveCfg = Release|Any CPU
		{8BD2C868-D9DB-4FB2-A259-1978F8C3542B}.Release|Any CPU.Build.0 = Release|Any CPU
		{1B38F233-5B28-42C2-B42A-EE86F21F3D63}.Debug|Any CPU.ActiveCfg = Debug|Any CPU
		{1B38F233-5B28-42C2-B42A-EE86F21F3D63}.Debug|Any CPU.Build.0 = Debug|Any CPU
		{1B38F233-5B28-42C2-B42A-EE86F21F3D63}.Release|Any CPU.ActiveCfg = Release|Any CPU
		{1B38F233-5B28-42C2-B42A-EE86F21F3D63}.Release|Any CPU.Build.0 = Release|Any CPU
		{B3DF7E58-77C8-4EEE-9C34-D5455812E41A}.Debug|Any CPU.ActiveCfg = Debug|Any CPU
		{B3DF7E58-77C8-4EEE-9C34-D5455812E41A}.Debug|Any CPU.Build.0 = Debug|Any CPU
		{B3DF7E58-77C8-4EEE-9C34-D5455812E41A}.Release|Any CPU.ActiveCfg = Release|Any CPU
		{B3DF7E58-77C8-4EEE-9C34-D5455812E41A}.Release|Any CPU.Build.0 = Release|Any CPU
		{9EEA6C4C-FE89-451B-8B4B-E9C51838A141}.Debug|Any CPU.ActiveCfg = Debug|Any CPU
		{9EEA6C4C-FE89-451B-8B4B-E9C51838A141}.Debug|Any CPU.Build.0 = Debug|Any CPU
		{9EEA6C4C-FE89-451B-8B4B-E9C51838A141}.Release|Any CPU.ActiveCfg = Release|Any CPU
		{9EEA6C4C-FE89-451B-8B4B-E9C51838A141}.Release|Any CPU.Build.0 = Release|Any CPU
		{4A714B26-3460-4F19-84DF-1ED1198C3050}.Debug|Any CPU.ActiveCfg = Debug|Any CPU
		{4A714B26-3460-4F19-84DF-1ED1198C3050}.Debug|Any CPU.Build.0 = Debug|Any CPU
		{4A714B26-3460-4F19-84DF-1ED1198C3050}.Release|Any CPU.ActiveCfg = Release|Any CPU
		{4A714B26-3460-4F19-84DF-1ED1198C3050}.Release|Any CPU.Build.0 = Release|Any CPU
	EndGlobalSection
	GlobalSection(SolutionProperties) = preSolution
		HideSolutionNode = FALSE
	EndGlobalSection
	GlobalSection(ExtensibilityGlobals) = postSolution
		SolutionGuid = {8B12193F-668B-4DEF-B2FF-1D4335B6EC10}
	EndGlobalSection
EndGlobal
